
Microsoft Visual Studio Solution File, Format Version 12.00
Project("{FAE04EC0-301F-11D3-BF4B-00C04F79EFBC}") = "thread-pool", "thread-pool\thread-pool.csproj", "{3E59261A-53F1-4DAF-A10F-03D632953284}"
EndProject
Project("{FAE04EC0-301F-11D3-BF4B-00C04F79EFBC}") = "thread-pool-tests", "thread-pool-tests\thread-pool-tests.csproj", "{0269FA5E-A4ED-4971-BB6D-7A3EC8EE1B63}"
EndProject
Global
	GlobalSection(SolutionConfigurationPlatforms) = preSolution
		Debug|Any CPU = Debug|Any CPU
		Release|Any CPU = Release|Any CPU
	EndGlobalSection
	GlobalSection(ProjectConfigurationPlatforms) = postSolution
		{3E59261A-53F1-4DAF-A10F-03D632953284}.Debug|Any CPU.ActiveCfg = Debug|Any CPU
		{3E59261A-53F1-4DAF-A10F-03D632953284}.Debug|Any CPU.Build.0 = Debug|Any CPU
		{3E59261A-53F1-4DAF-A10F-03D632953284}.Release|Any CPU.ActiveCfg = Release|Any CPU
		{3E59261A-53F1-4DAF-A10F-03D632953284}.Release|Any CPU.Build.0 = Release|Any CPU
		{0269FA5E-A4ED-4971-BB6D-7A3EC8EE1B63}.Debug|Any CPU.ActiveCfg = Debug|Any CPU
		{0269FA5E-A4ED-4971-BB6D-7A3EC8EE1B63}.Debug|Any CPU.Build.0 = Debug|Any CPU
		{0269FA5E-A4ED-4971-BB6D-7A3EC8EE1B63}.Release|Any CPU.ActiveCfg = Release|Any CPU
		{0269FA5E-A4ED-4971-BB6D-7A3EC8EE1B63}.Release|Any CPU.Build.0 = Release|Any CPU
	EndGlobalSection
EndGlobal
