
Microsoft Visual Studio Solution File, Format Version 12.00
# Visual Studio Version 16
VisualStudioVersion = 16.0.32228.343
MinimumVisualStudioVersion = 10.0.40219.1
Project("{FAE04EC0-301F-11D3-BF4B-00C04F79EFBC}") = "ThreadSynchronization", "ThreadSynchronization\ThreadSynchronization.csproj", "{5C62C12E-8160-4EDE-AC41-C9334A756147}"
EndProject
Global
	GlobalSection(SolutionConfigurationPlatforms) = preSolution
		Debug|Any CPU = Debug|Any CPU
		Release|Any CPU = Release|Any CPU
	EndGlobalSection
	GlobalSection(ProjectConfigurationPlatforms) = postSolution
		{5C62C12E-8160-4EDE-AC41-C9334A756147}.Debug|Any CPU.ActiveCfg = Debug|Any CPU
		{5C62C12E-8160-4EDE-AC41-C9334A756147}.Debug|Any CPU.Build.0 = Debug|Any CPU
		{5C62C12E-8160-4EDE-AC41-C9334A756147}.Release|Any CPU.ActiveCfg = Release|Any CPU
		{5C62C12E-8160-4EDE-AC41-C9334A756147}.Release|Any CPU.Build.0 = Release|Any CPU
	EndGlobalSection
	GlobalSection(SolutionProperties) = preSolution
		HideSolutionNode = FALSE
	EndGlobalSection
	GlobalSection(ExtensibilityGlobals) = postSolution
		SolutionGuid = {7A6347D5-FE1F-48F4-969B-C58F0FC3514E}
	EndGlobalSection
EndGlobal
